
Microsoft Visual Studio Solution File, Format Version 12.00
# Visual Studio 15
VisualStudioVersion = 15.0.26124.0
MinimumVisualStudioVersion = 15.0.26124.0
Project("{F2A71F9B-5D33-465A-A702-920D77279786}") = "Bolero.BulmaComponents", "Bolero.BulmaComponents\Bolero.BulmaComponents.fsproj", "{641A582A-A339-4A2E-AE94-AAA2985FCF40}"
EndProject
Project("{F2A71F9B-5D33-465A-A702-920D77279786}") = "Demo.Client", "Demo.Client\Demo.Client.fsproj", "{9EDD6E0C-DB93-4491-8E47-722D9F5B88C8}"
EndProject
Global
	GlobalSection(SolutionConfigurationPlatforms) = preSolution
		Debug|Any CPU = Debug|Any CPU
		Debug|x64 = Debug|x64
		Debug|x86 = Debug|x86
		Release|Any CPU = Release|Any CPU
		Release|x64 = Release|x64
		Release|x86 = Release|x86
	EndGlobalSection
	GlobalSection(SolutionProperties) = preSolution
		HideSolutionNode = FALSE
	EndGlobalSection
	GlobalSection(ProjectConfigurationPlatforms) = postSolution
		{641A582A-A339-4A2E-AE94-AAA2985FCF40}.Debug|Any CPU.ActiveCfg = Debug|Any CPU
		{641A582A-A339-4A2E-AE94-AAA2985FCF40}.Debug|Any CPU.Build.0 = Debug|Any CPU
		{641A582A-A339-4A2E-AE94-AAA2985FCF40}.Debug|x64.ActiveCfg = Debug|Any CPU
		{641A582A-A339-4A2E-AE94-AAA2985FCF40}.Debug|x64.Build.0 = Debug|Any CPU
		{641A582A-A339-4A2E-AE94-AAA2985FCF40}.Debug|x86.ActiveCfg = Debug|Any CPU
		{641A582A-A339-4A2E-AE94-AAA2985FCF40}.Debug|x86.Build.0 = Debug|Any CPU
		{641A582A-A339-4A2E-AE94-AAA2985FCF40}.Release|Any CPU.ActiveCfg = Release|Any CPU
		{641A582A-A339-4A2E-AE94-AAA2985FCF40}.Release|Any CPU.Build.0 = Release|Any CPU
		{641A582A-A339-4A2E-AE94-AAA2985FCF40}.Release|x64.ActiveCfg = Release|Any CPU
		{641A582A-A339-4A2E-AE94-AAA2985FCF40}.Release|x64.Build.0 = Release|Any CPU
		{641A582A-A339-4A2E-AE94-AAA2985FCF40}.Release|x86.ActiveCfg = Release|Any CPU
		{641A582A-A339-4A2E-AE94-AAA2985FCF40}.Release|x86.Build.0 = Release|Any CPU
		{9EDD6E0C-DB93-4491-8E47-722D9F5B88C8}.Debug|Any CPU.ActiveCfg = Debug|Any CPU
		{9EDD6E0C-DB93-4491-8E47-722D9F5B88C8}.Debug|Any CPU.Build.0 = Debug|Any CPU
		{9EDD6E0C-DB93-4491-8E47-722D9F5B88C8}.Debug|x64.ActiveCfg = Debug|Any CPU
		{9EDD6E0C-DB93-4491-8E47-722D9F5B88C8}.Debug|x64.Build.0 = Debug|Any CPU
		{9EDD6E0C-DB93-4491-8E47-722D9F5B88C8}.Debug|x86.ActiveCfg = Debug|Any CPU
		{9EDD6E0C-DB93-4491-8E47-722D9F5B88C8}.Debug|x86.Build.0 = Debug|Any CPU
		{9EDD6E0C-DB93-4491-8E47-722D9F5B88C8}.Release|Any CPU.ActiveCfg = Release|Any CPU
		{9EDD6E0C-DB93-4491-8E47-722D9F5B88C8}.Release|Any CPU.Build.0 = Release|Any CPU
		{9EDD6E0C-DB93-4491-8E47-722D9F5B88C8}.Release|x64.ActiveCfg = Release|Any CPU
		{9EDD6E0C-DB93-4491-8E47-722D9F5B88C8}.Release|x64.Build.0 = Release|Any CPU
		{9EDD6E0C-DB93-4491-8E47-722D9F5B88C8}.Release|x86.ActiveCfg = Release|Any CPU
		{9EDD6E0C-DB93-4491-8E47-722D9F5B88C8}.Release|x86.Build.0 = Release|Any CPU
	EndGlobalSection
EndGlobal
